
Microsoft Visual Studio Solution File, Format Version 12.00
# Visual Studio 2013
VisualStudioVersion = 12.0.21005.1
MinimumVisualStudioVersion = 10.0.40219.1
Project("{FAE04EC0-301F-11D3-BF4B-00C04F79EFBC}") = "PanoramaJXNU.DAL", "PanoramaJXNU.DAL\PanoramaJXNU.DAL.csproj", "{91A6A393-A1E4-4520-98E0-4A0A3F5A026F}"
EndProject
Project("{FAE04EC0-301F-11D3-BF4B-00C04F79EFBC}") = "PanoramaJXNU.IDAL", "PanoramaJXNU.IDAL\PanoramaJXNU.IDAL.csproj", "{1BCB467B-B511-460B-9CAE-6981FF793F66}"
EndProject
Project("{FAE04EC0-301F-11D3-BF4B-00C04F79EFBC}") = "PanoramaJXNU.BLL", "PanoramaJXNU.BLL\PanoramaJXNU.BLL.csproj", "{834A05DB-5C34-40AC-AE5D-95609E22467C}"
EndProject
Project("{FAE04EC0-301F-11D3-BF4B-00C04F79EFBC}") = "PanoramaJXNU.IBLL", "PanoramaJXNU.IBLL\PanoramaJXNU.IBLL.csproj", "{BA19F2BA-1E76-47DA-A855-54EB825D5E80}"
EndProject
Project("{FAE04EC0-301F-11D3-BF4B-00C04F79EFBC}") = "PanoramaJXNU.Model", "PanoramaJXNU.Model\PanoramaJXNU.Model.csproj", "{44BB5B19-979F-4F95-9723-390FF71D72F6}"
EndProject
Project("{FAE04EC0-301F-11D3-BF4B-00C04F79EFBC}") = "PanoramaJXNU.DALFactory", "PanoramaJXNU.DALFactory\PanoramaJXNU.DALFactory.csproj", "{FA537440-2306-4D62-8015-F5D88C2E6479}"
EndProject
Project("{FAE04EC0-301F-11D3-BF4B-00C04F79EFBC}") = "PanoramaJXNU.Common", "PanoramaJXNU.Common\PanoramaJXNU.Common.csproj", "{7711F015-A6EA-46A2-83E9-4BEB4A023771}"
EndProject
Project("{FAE04EC0-301F-11D3-BF4B-00C04F79EFBC}") = "PanoramaJXNU.WebApp", "PanoramaJXNU.WebApp\PanoramaJXNU.WebApp.csproj", "{BAC3EDAA-116A-4349-82B0-49E09B891861}"
EndProject
Project("{FAE04EC0-301F-11D3-BF4B-00C04F79EFBC}") = "PanoramaJXNU.WebApp.Tests", "PanoramaJXNU.WebApp.Tests\PanoramaJXNU.WebApp.Tests.csproj", "{B78EF06D-2609-49B6-BC8F-76FB33693296}"
EndProject
Project("{2150E333-8FDC-42A3-9474-1A3956D46DE8}") = "01实体层", "01实体层", "{6F0459AD-A3DC-48B4-88F6-6F890117D828}"
EndProject
Project("{2150E333-8FDC-42A3-9474-1A3956D46DE8}") = "02数据库访问层", "02数据库访问层", "{A451AA90-6AAD-4469-B7DE-7172D114BCD6}"
EndProject
Project("{2150E333-8FDC-42A3-9474-1A3956D46DE8}") = "03数据访问层工厂", "03数据访问层工厂", "{BD858C00-129D-4F35-8E47-6E39FBC78103}"
EndProject
Project("{2150E333-8FDC-42A3-9474-1A3956D46DE8}") = "04业务逻辑层", "04业务逻辑层", "{A6DD2749-0B61-43BA-B24B-B717BD1AD207}"
EndProject
Project("{2150E333-8FDC-42A3-9474-1A3956D46DE8}") = "05公共类库", "05公共类库", "{82FD8348-3D9A-4CE8-B591-B964AD56188B}"
EndProject
Project("{2150E333-8FDC-42A3-9474-1A3956D46DE8}") = "06UI层", "06UI层", "{3BD5452F-5CFF-4D83-B2D5-212A594F8760}"
EndProject
Global
	GlobalSection(SolutionConfigurationPlatforms) = preSolution
		Debug|Any CPU = Debug|Any CPU
		Release|Any CPU = Release|Any CPU
	EndGlobalSection
	GlobalSection(ProjectConfigurationPlatforms) = postSolution
		{91A6A393-A1E4-4520-98E0-4A0A3F5A026F}.Debug|Any CPU.ActiveCfg = Debug|Any CPU
		{91A6A393-A1E4-4520-98E0-4A0A3F5A026F}.Debug|Any CPU.Build.0 = Debug|Any CPU
		{91A6A393-A1E4-4520-98E0-4A0A3F5A026F}.Release|Any CPU.ActiveCfg = Release|Any CPU
		{91A6A393-A1E4-4520-98E0-4A0A3F5A026F}.Release|Any CPU.Build.0 = Release|Any CPU
		{1BCB467B-B511-460B-9CAE-6981FF793F66}.Debug|Any CPU.ActiveCfg = Debug|Any CPU
		{1BCB467B-B511-460B-9CAE-6981FF793F66}.Debug|Any CPU.Build.0 = Debug|Any CPU
		{1BCB467B-B511-460B-9CAE-6981FF793F66}.Release|Any CPU.ActiveCfg = Release|Any CPU
		{1BCB467B-B511-460B-9CAE-6981FF793F66}.Release|Any CPU.Build.0 = Release|Any CPU
		{834A05DB-5C34-40AC-AE5D-95609E22467C}.Debug|Any CPU.ActiveCfg = Debug|Any CPU
		{834A05DB-5C34-40AC-AE5D-95609E22467C}.Debug|Any CPU.Build.0 = Debug|Any CPU
		{834A05DB-5C34-40AC-AE5D-95609E22467C}.Release|Any CPU.ActiveCfg = Release|Any CPU
		{834A05DB-5C34-40AC-AE5D-95609E22467C}.Release|Any CPU.Build.0 = Release|Any CPU
		{BA19F2BA-1E76-47DA-A855-54EB825D5E80}.Debug|Any CPU.ActiveCfg = Debug|Any CPU
		{BA19F2BA-1E76-47DA-A855-54EB825D5E80}.Debug|Any CPU.Build.0 = Debug|Any CPU
		{BA19F2BA-1E76-47DA-A855-54EB825D5E80}.Release|Any CPU.ActiveCfg = Release|Any CPU
		{BA19F2BA-1E76-47DA-A855-54EB825D5E80}.Release|Any CPU.Build.0 = Release|Any CPU
		{44BB5B19-979F-4F95-9723-390FF71D72F6}.Debug|Any CPU.ActiveCfg = Debug|Any CPU
		{44BB5B19-979F-4F95-9723-390FF71D72F6}.Debug|Any CPU.Build.0 = Debug|Any CPU
		{44BB5B19-979F-4F95-9723-390FF71D72F6}.Release|Any CPU.ActiveCfg = Release|Any CPU
		{44BB5B19-979F-4F95-9723-390FF71D72F6}.Release|Any CPU.Build.0 = Release|Any CPU
		{FA537440-2306-4D62-8015-F5D88C2E6479}.Debug|Any CPU.ActiveCfg = Debug|Any CPU
		{FA537440-2306-4D62-8015-F5D88C2E6479}.Debug|Any CPU.Build.0 = Debug|Any CPU
		{FA537440-2306-4D62-8015-F5D88C2E6479}.Release|Any CPU.ActiveCfg = Release|Any CPU
		{FA537440-2306-4D62-8015-F5D88C2E6479}.Release|Any CPU.Build.0 = Release|Any CPU
		{7711F015-A6EA-46A2-83E9-4BEB4A023771}.Debug|Any CPU.ActiveCfg = Debug|Any CPU
		{7711F015-A6EA-46A2-83E9-4BEB4A023771}.Debug|Any CPU.Build.0 = Debug|Any CPU
		{7711F015-A6EA-46A2-83E9-4BEB4A023771}.Release|Any CPU.ActiveCfg = Release|Any CPU
		{7711F015-A6EA-46A2-83E9-4BEB4A023771}.Release|Any CPU.Build.0 = Release|Any CPU
		{BAC3EDAA-116A-4349-82B0-49E09B891861}.Debug|Any CPU.ActiveCfg = Debug|Any CPU
		{BAC3EDAA-116A-4349-82B0-49E09B891861}.Debug|Any CPU.Build.0 = Debug|Any CPU
		{BAC3EDAA-116A-4349-82B0-49E09B891861}.Release|Any CPU.ActiveCfg = Release|Any CPU
		{BAC3EDAA-116A-4349-82B0-49E09B891861}.Release|Any CPU.Build.0 = Release|Any CPU
		{B78EF06D-2609-49B6-BC8F-76FB33693296}.Debug|Any CPU.ActiveCfg = Debug|Any CPU
		{B78EF06D-2609-49B6-BC8F-76FB33693296}.Debug|Any CPU.Build.0 = Debug|Any CPU
		{B78EF06D-2609-49B6-BC8F-76FB33693296}.Release|Any CPU.ActiveCfg = Release|Any CPU
		{B78EF06D-2609-49B6-BC8F-76FB33693296}.Release|Any CPU.Build.0 = Release|Any CPU
	EndGlobalSection
	GlobalSection(SolutionProperties) = preSolution
		HideSolutionNode = FALSE
	EndGlobalSection
	GlobalSection(NestedProjects) = preSolution
		{44BB5B19-979F-4F95-9723-390FF71D72F6} = {6F0459AD-A3DC-48B4-88F6-6F890117D828}
		{91A6A393-A1E4-4520-98E0-4A0A3F5A026F} = {A451AA90-6AAD-4469-B7DE-7172D114BCD6}
		{1BCB467B-B511-460B-9CAE-6981FF793F66} = {A451AA90-6AAD-4469-B7DE-7172D114BCD6}
		{FA537440-2306-4D62-8015-F5D88C2E6479} = {BD858C00-129D-4F35-8E47-6E39FBC78103}
		{834A05DB-5C34-40AC-AE5D-95609E22467C} = {A6DD2749-0B61-43BA-B24B-B717BD1AD207}
		{BA19F2BA-1E76-47DA-A855-54EB825D5E80} = {A6DD2749-0B61-43BA-B24B-B717BD1AD207}
		{7711F015-A6EA-46A2-83E9-4BEB4A023771} = {82FD8348-3D9A-4CE8-B591-B964AD56188B}
		{BAC3EDAA-116A-4349-82B0-49E09B891861} = {3BD5452F-5CFF-4D83-B2D5-212A594F8760}
	EndGlobalSection
EndGlobal
